// !$*UTF8*$!
{
	archiveVersion = 1;
	classes = {
	};
	objectVersion = 56;
	objects = {

/* Begin PBXBuildFile section */
		A10000010000000000000001 /* SceneViewDemoApp.swift in Sources */ = {isa = PBXBuildFile; fileRef = A20000010000000000000001 /* SceneViewDemoApp.swift */; };
		A10000010000000000000002 /* Assets.xcassets in Resources */ = {isa = PBXBuildFile; fileRef = A20000010000000000000002 /* Assets.xcassets */; };
		D10000000000000000000001 /* game_boy_classic.usdz in Resources */ = {isa = PBXBuildFile; fileRef = D20000000000000000000001 /* game_boy_classic.usdz */; };
		D10000000000000000000002 /* tree_scene.usdz in Resources */ = {isa = PBXBuildFile; fileRef = D20000000000000000000002 /* tree_scene.usdz */; };
		D10000000000000000000003 /* red_car.usdz in Resources */ = {isa = PBXBuildFile; fileRef = D20000000000000000000003 /* red_car.usdz */; };
		D10000000000000000000004 /* animated_dragon.usdz in Resources */ = {isa = PBXBuildFile; fileRef = D20000000000000000000004 /* animated_dragon.usdz */; };
		D10000000000000000000005 /* animated_butterfly.usdz in Resources */ = {isa = PBXBuildFile; fileRef = D20000000000000000000005 /* animated_butterfly.usdz */; };
		D10000000000000000000006 /* retro_piano.usdz in Resources */ = {isa = PBXBuildFile; fileRef = D20000000000000000000006 /* retro_piano.usdz */; };
		D10000000000000000000007 /* phoenix_bird.usdz in Resources */ = {isa = PBXBuildFile; fileRef = D20000000000000000000007 /* phoenix_bird.usdz */; };
		D10000000000000000000008 /* cyberpunk_car.usdz in Resources */ = {isa = PBXBuildFile; fileRef = D20000000000000000000008 /* cyberpunk_car.usdz */; };
		D10000000000000000000009 /* fantasy_book.usdz in Resources */ = {isa = PBXBuildFile; fileRef = D20000000000000000000009 /* fantasy_book.usdz */; };
		D1000000000000000000000A /* mosquito_amber.usdz in Resources */ = {isa = PBXBuildFile; fileRef = D2000000000000000000000A /* mosquito_amber.usdz */; };
		D1000000000000000000000B /* ship_in_clouds.usdz in Resources */ = {isa = PBXBuildFile; fileRef = D2000000000000000000000B /* ship_in_clouds.usdz */; };
		D1000000000000000000000C /* cyberpunk_hovercar.usdz in Resources */ = {isa = PBXBuildFile; fileRef = D2000000000000000000000C /* cyberpunk_hovercar.usdz */; };
		D1000000000000000000000D /* cyberpunk_character.usdz in Resources */ = {isa = PBXBuildFile; fileRef = D2000000000000000000000D /* cyberpunk_character.usdz */; };
		D1000000000000000000000E /* porsche_911.usdz in Resources */ = {isa = PBXBuildFile; fileRef = D2000000000000000000000E /* porsche_911.usdz */; };
		D1000000000000000000000F /* black_dragon.usdz in Resources */ = {isa = PBXBuildFile; fileRef = D2000000000000000000000F /* black_dragon.usdz */; };
		D10000000000000000000010 /* fiat_punto.usdz in Resources */ = {isa = PBXBuildFile; fileRef = D20000000000000000000010 /* fiat_punto.usdz */; };
		C10000000000000000000001 /* HapticManager.swift in Sources */ = {isa = PBXBuildFile; fileRef = C20000000000000000000001 /* HapticManager.swift */; };
		C10000000000000000000002 /* DemoItem.swift in Sources */ = {isa = PBXBuildFile; fileRef = C20000000000000000000002 /* DemoItem.swift */; };
		C10000000000000000000003 /* ExploreTab.swift in Sources */ = {isa = PBXBuildFile; fileRef = C20000000000000000000003 /* ExploreTab.swift */; };
		C10000000000000000000004 /* ARTab.swift in Sources */ = {isa = PBXBuildFile; fileRef = C20000000000000000000004 /* ARTab.swift */; };
		C10000000000000000000005 /* SamplesTab.swift in Sources */ = {isa = PBXBuildFile; fileRef = C20000000000000000000005 /* SamplesTab.swift */; };
		C10000000000000000000006 /* AboutTab.swift in Sources */ = {isa = PBXBuildFile; fileRef = C20000000000000000000006 /* AboutTab.swift */; };
		C10000000000000000000007 /* AllShapesDemo.swift in Sources */ = {isa = PBXBuildFile; fileRef = C20000000000000000000007 /* AllShapesDemo.swift */; };
		C10000000000000000000008 /* MaterialsDemo.swift in Sources */ = {isa = PBXBuildFile; fileRef = C20000000000000000000008 /* MaterialsDemo.swift */; };
		C10000000000000000000009 /* CustomMeshDemo.swift in Sources */ = {isa = PBXBuildFile; fileRef = C20000000000000000000009 /* CustomMeshDemo.swift */; };
		C10000000000000000000010 /* TextDemo.swift in Sources */ = {isa = PBXBuildFile; fileRef = C20000000000000000000010 /* TextDemo.swift */; };
		C10000000000000000000011 /* BillboardDemo.swift in Sources */ = {isa = PBXBuildFile; fileRef = C20000000000000000000011 /* BillboardDemo.swift */; };
		C10000000000000000000012 /* LinesPathsDemo.swift in Sources */ = {isa = PBXBuildFile; fileRef = C20000000000000000000012 /* LinesPathsDemo.swift */; };
		C10000000000000000000013 /* ImagePlaneDemo.swift in Sources */ = {isa = PBXBuildFile; fileRef = C20000000000000000000013 /* ImagePlaneDemo.swift */; };
		C10000000000000000000014 /* LightTypesDemo.swift in Sources */ = {isa = PBXBuildFile; fileRef = C20000000000000000000014 /* LightTypesDemo.swift */; };
		C10000000000000000000015 /* DynamicSkyDemo.swift in Sources */ = {isa = PBXBuildFile; fileRef = C20000000000000000000015 /* DynamicSkyDemo.swift */; };
		C10000000000000000000016 /* FogDemo.swift in Sources */ = {isa = PBXBuildFile; fileRef = C20000000000000000000016 /* FogDemo.swift */; };
		C10000000000000000000017 /* PhysicsDemo.swift in Sources */ = {isa = PBXBuildFile; fileRef = C20000000000000000000017 /* PhysicsDemo.swift */; };
		C10000000000000000000018 /* OrbitCameraDemo.swift in Sources */ = {isa = PBXBuildFile; fileRef = C20000000000000000000018 /* OrbitCameraDemo.swift */; };
		C10000000000000000000019 /* AutoRotateDemo.swift in Sources */ = {isa = PBXBuildFile; fileRef = C20000000000000000000019 /* AutoRotateDemo.swift */; };
		C10000000000000000000020 /* SceneGalleryDemo.swift in Sources */ = {isa = PBXBuildFile; fileRef = C20000000000000000000020 /* SceneGalleryDemo.swift */; };
/* End PBXBuildFile section */

/* Begin PBXFileReference section */
		A20000010000000000000001 /* SceneViewDemoApp.swift */ = {isa = PBXFileReference; lastKnownFileType = sourcecode.swift; path = SceneViewDemoApp.swift; sourceTree = "<group>"; };
		A20000010000000000000002 /* Assets.xcassets */ = {isa = PBXFileReference; lastKnownFileType = folder.assetcatalog; path = Assets.xcassets; sourceTree = "<group>"; };
		A20000010000000000000003 /* Info.plist */ = {isa = PBXFileReference; lastKnownFileType = text.plist.xml; path = Info.plist; sourceTree = "<group>"; };
		A20000010000000000000010 /* SceneViewDemo.app */ = {isa = PBXFileReference; explicitFileType = wrapper.application; includeInIndex = 0; path = SceneViewDemo.app; sourceTree = BUILT_PRODUCTS_DIR; };
		C20000000000000000000001 /* HapticManager.swift */ = {isa = PBXFileReference; lastKnownFileType = sourcecode.swift; path = HapticManager.swift; sourceTree = "<group>"; };
		C20000000000000000000002 /* DemoItem.swift */ = {isa = PBXFileReference; lastKnownFileType = sourcecode.swift; path = DemoItem.swift; sourceTree = "<group>"; };
		C20000000000000000000003 /* ExploreTab.swift */ = {isa = PBXFileReference; lastKnownFileType = sourcecode.swift; path = ExploreTab.swift; sourceTree = "<group>"; };
		C20000000000000000000004 /* ARTab.swift */ = {isa = PBXFileReference; lastKnownFileType = sourcecode.swift; path = ARTab.swift; sourceTree = "<group>"; };
		C20000000000000000000005 /* SamplesTab.swift */ = {isa = PBXFileReference; lastKnownFileType = sourcecode.swift; path = SamplesTab.swift; sourceTree = "<group>"; };
		C20000000000000000000006 /* AboutTab.swift */ = {isa = PBXFileReference; lastKnownFileType = sourcecode.swift; path = AboutTab.swift; sourceTree = "<group>"; };
		C20000000000000000000007 /* AllShapesDemo.swift */ = {isa = PBXFileReference; lastKnownFileType = sourcecode.swift; path = AllShapesDemo.swift; sourceTree = "<group>"; };
		C20000000000000000000008 /* MaterialsDemo.swift */ = {isa = PBXFileReference; lastKnownFileType = sourcecode.swift; path = MaterialsDemo.swift; sourceTree = "<group>"; };
		C20000000000000000000009 /* CustomMeshDemo.swift */ = {isa = PBXFileReference; lastKnownFileType = sourcecode.swift; path = CustomMeshDemo.swift; sourceTree = "<group>"; };
		C20000000000000000000010 /* TextDemo.swift */ = {isa = PBXFileReference; lastKnownFileType = sourcecode.swift; path = TextDemo.swift; sourceTree = "<group>"; };
		C20000000000000000000011 /* BillboardDemo.swift */ = {isa = PBXFileReference; lastKnownFileType = sourcecode.swift; path = BillboardDemo.swift; sourceTree = "<group>"; };
		C20000000000000000000012 /* LinesPathsDemo.swift */ = {isa = PBXFileReference; lastKnownFileType = sourcecode.swift; path = LinesPathsDemo.swift; sourceTree = "<group>"; };
		C20000000000000000000013 /* ImagePlaneDemo.swift */ = {isa = PBXFileReference; lastKnownFileType = sourcecode.swift; path = ImagePlaneDemo.swift; sourceTree = "<group>"; };
		C20000000000000000000014 /* LightTypesDemo.swift */ = {isa = PBXFileReference; lastKnownFileType = sourcecode.swift; path = LightTypesDemo.swift; sourceTree = "<group>"; };
		C20000000000000000000015 /* DynamicSkyDemo.swift */ = {isa = PBXFileReference; lastKnownFileType = sourcecode.swift; path = DynamicSkyDemo.swift; sourceTree = "<group>"; };
		C20000000000000000000016 /* FogDemo.swift */ = {isa = PBXFileReference; lastKnownFileType = sourcecode.swift; path = FogDemo.swift; sourceTree = "<group>"; };
		C20000000000000000000017 /* PhysicsDemo.swift */ = {isa = PBXFileReference; lastKnownFileType = sourcecode.swift; path = PhysicsDemo.swift; sourceTree = "<group>"; };
		C20000000000000000000018 /* OrbitCameraDemo.swift */ = {isa = PBXFileReference; lastKnownFileType = sourcecode.swift; path = OrbitCameraDemo.swift; sourceTree = "<group>"; };
		C20000000000000000000019 /* AutoRotateDemo.swift */ = {isa = PBXFileReference; lastKnownFileType = sourcecode.swift; path = AutoRotateDemo.swift; sourceTree = "<group>"; };
		C20000000000000000000020 /* SceneGalleryDemo.swift */ = {isa = PBXFileReference; lastKnownFileType = sourcecode.swift; path = SceneGalleryDemo.swift; sourceTree = "<group>"; };
		D20000000000000000000001 /* game_boy_classic.usdz */ = {isa = PBXFileReference; lastKnownFileType = file.usdz; path = game_boy_classic.usdz; sourceTree = "<group>"; };
		D20000000000000000000002 /* tree_scene.usdz */ = {isa = PBXFileReference; lastKnownFileType = file.usdz; path = tree_scene.usdz; sourceTree = "<group>"; };
		D20000000000000000000003 /* red_car.usdz */ = {isa = PBXFileReference; lastKnownFileType = file.usdz; path = red_car.usdz; sourceTree = "<group>"; };
		D20000000000000000000004 /* animated_dragon.usdz */ = {isa = PBXFileReference; lastKnownFileType = file.usdz; path = animated_dragon.usdz; sourceTree = "<group>"; };
		D20000000000000000000005 /* animated_butterfly.usdz */ = {isa = PBXFileReference; lastKnownFileType = file.usdz; path = animated_butterfly.usdz; sourceTree = "<group>"; };
		D20000000000000000000006 /* retro_piano.usdz */ = {isa = PBXFileReference; lastKnownFileType = file.usdz; path = retro_piano.usdz; sourceTree = "<group>"; };
		D20000000000000000000007 /* phoenix_bird.usdz */ = {isa = PBXFileReference; lastKnownFileType = file.usdz; path = phoenix_bird.usdz; sourceTree = "<group>"; };
		D20000000000000000000008 /* cyberpunk_car.usdz */ = {isa = PBXFileReference; lastKnownFileType = file.usdz; path = cyberpunk_car.usdz; sourceTree = "<group>"; };
		D20000000000000000000009 /* fantasy_book.usdz */ = {isa = PBXFileReference; lastKnownFileType = file.usdz; path = fantasy_book.usdz; sourceTree = "<group>"; };
		D2000000000000000000000A /* mosquito_amber.usdz */ = {isa = PBXFileReference; lastKnownFileType = file.usdz; path = mosquito_amber.usdz; sourceTree = "<group>"; };
		D2000000000000000000000B /* ship_in_clouds.usdz */ = {isa = PBXFileReference; lastKnownFileType = file.usdz; path = ship_in_clouds.usdz; sourceTree = "<group>"; };
		D2000000000000000000000C /* cyberpunk_hovercar.usdz */ = {isa = PBXFileReference; lastKnownFileType = file.usdz; path = cyberpunk_hovercar.usdz; sourceTree = "<group>"; };
		D2000000000000000000000D /* cyberpunk_character.usdz */ = {isa = PBXFileReference; lastKnownFileType = file.usdz; path = cyberpunk_character.usdz; sourceTree = "<group>"; };
		D2000000000000000000000E /* porsche_911.usdz */ = {isa = PBXFileReference; lastKnownFileType = file.usdz; path = porsche_911.usdz; sourceTree = "<group>"; };
		D2000000000000000000000F /* black_dragon.usdz */ = {isa = PBXFileReference; lastKnownFileType = file.usdz; path = black_dragon.usdz; sourceTree = "<group>"; };
		D20000000000000000000010 /* fiat_punto.usdz */ = {isa = PBXFileReference; lastKnownFileType = file.usdz; path = fiat_punto.usdz; sourceTree = "<group>"; };
/* End PBXFileReference section */

/* Begin PBXFrameworksBuildPhase section */
		A30000010000000000000001 /* Frameworks */ = {
			isa = PBXFrameworksBuildPhase;
			buildActionMask = 2147483647;
			files = (
			);
			runOnlyForDeploymentPostprocessing = 0;
		};
/* End PBXFrameworksBuildPhase section */

/* Begin PBXGroup section */
		A40000010000000000000001 /* = BEGIN of the tree root */ = {
			isa = PBXGroup;
			children = (
				A40000010000000000000002 /* SceneViewDemo */,
				A40000010000000000000003 /* Products */,
			);
			sourceTree = "<group>";
		};
		A40000010000000000000002 /* SceneViewDemo */ = {
			isa = PBXGroup;
			children = (
				A20000010000000000000001 /* SceneViewDemoApp.swift */,
				C40000000000000000000001 /* Views */,
				C40000000000000000000004 /* Utilities */,
				D40000000000000000000001 /* Models */,
				A20000010000000000000002 /* Assets.xcassets */,
				A20000010000000000000003 /* Info.plist */,
			);
			path = SceneViewDemo;
			sourceTree = "<group>";
		};
		D40000000000000000000001 /* Models */ = {
			isa = PBXGroup;
			children = (
				D20000000000000000000001 /* game_boy_classic.usdz */,
				D20000000000000000000002 /* tree_scene.usdz */,
				D20000000000000000000003 /* red_car.usdz */,
				D20000000000000000000004 /* animated_dragon.usdz */,
				D20000000000000000000005 /* animated_butterfly.usdz */,
				D20000000000000000000006 /* retro_piano.usdz */,
				D20000000000000000000007 /* phoenix_bird.usdz */,
				D20000000000000000000008 /* cyberpunk_car.usdz */,
				D20000000000000000000009 /* fantasy_book.usdz */,
				D2000000000000000000000A /* mosquito_amber.usdz */,
				D2000000000000000000000B /* ship_in_clouds.usdz */,
				D2000000000000000000000C /* cyberpunk_hovercar.usdz */,
				D2000000000000000000000D /* cyberpunk_character.usdz */,
				D2000000000000000000000E /* porsche_911.usdz */,
				D2000000000000000000000F /* black_dragon.usdz */,
				D20000000000000000000010 /* fiat_punto.usdz */,
			);
			path = Models;
			sourceTree = "<group>";
		};
		A40000010000000000000003 /* Products */ = {
			isa = PBXGroup;
			children = (
				A20000010000000000000010 /* SceneViewDemo.app */,
			);
			name = Products;
			sourceTree = "<group>";
		};
		C40000000000000000000001 /* Views */ = {
			isa = PBXGroup;
			children = (
				C40000000000000000000002 /* Tabs */,
				C40000000000000000000003 /* Demos */,
			);
			path = Views;
			sourceTree = "<group>";
		};
		C40000000000000000000002 /* Tabs */ = {
			isa = PBXGroup;
			children = (
				C20000000000000000000003 /* ExploreTab.swift */,
				C20000000000000000000004 /* ARTab.swift */,
				C20000000000000000000005 /* SamplesTab.swift */,
				C20000000000000000000006 /* AboutTab.swift */,
			);
			path = Tabs;
			sourceTree = "<group>";
		};
		C40000000000000000000003 /* Demos */ = {
			isa = PBXGroup;
			children = (
				C20000000000000000000007 /* AllShapesDemo.swift */,
				C20000000000000000000008 /* MaterialsDemo.swift */,
				C20000000000000000000009 /* CustomMeshDemo.swift */,
				C20000000000000000000010 /* TextDemo.swift */,
				C20000000000000000000011 /* BillboardDemo.swift */,
				C20000000000000000000012 /* LinesPathsDemo.swift */,
				C20000000000000000000013 /* ImagePlaneDemo.swift */,
				C20000000000000000000014 /* LightTypesDemo.swift */,
				C20000000000000000000015 /* DynamicSkyDemo.swift */,
				C20000000000000000000016 /* FogDemo.swift */,
				C20000000000000000000017 /* PhysicsDemo.swift */,
				C20000000000000000000018 /* OrbitCameraDemo.swift */,
				C20000000000000000000019 /* AutoRotateDemo.swift */,
				C20000000000000000000020 /* SceneGalleryDemo.swift */,
			);
			path = Demos;
			sourceTree = "<group>";
		};
		C40000000000000000000004 /* Utilities */ = {
			isa = PBXGroup;
			children = (
				C20000000000000000000001 /* HapticManager.swift */,
				C20000000000000000000002 /* DemoItem.swift */,
			);
			path = Utilities;
			sourceTree = "<group>";
		};
/* End PBXGroup section */

/* Begin PBXNativeTarget section */
		A50000010000000000000001 /* SceneViewDemo */ = {
			isa = PBXNativeTarget;
			buildConfigurationList = A70000010000000000000003 /* Build configuration list for PBXNativeTarget "SceneViewDemo" */;
			buildPhases = (
				A60000010000000000000001 /* Sources */,
				A30000010000000000000001 /* Frameworks */,
				A60000010000000000000002 /* Resources */,
			);
			buildRules = (
			);
			dependencies = (
			);
			name = SceneViewDemo;
			packageProductDependencies = (
				A80000010000000000000001 /* SceneViewSwift */,
			);
			productName = SceneViewDemo;
			productReference = A20000010000000000000010 /* SceneViewDemo.app */;
			productType = "com.apple.product-type.application";
		};
/* End PBXNativeTarget section */

/* Begin PBXProject section */
		A90000010000000000000001 /* Project object */ = {
			isa = PBXProject;
			attributes = {
				BuildIndependentTargetsInParallel = 1;
				LastSwiftUpdateCheck = 1600;
				LastUpgradeCheck = 1600;
				TargetAttributes = {
					A50000010000000000000001 = {
						CreatedOnToolsVersion = 16.0;
					};
				};
			};
			buildConfigurationList = A70000010000000000000001 /* Build configuration list for PBXProject "SceneViewDemo" */;
			compatibilityVersion = "Xcode 14.0";
			developmentRegion = en;
			hasScannedForEncodings = 0;
			knownRegions = (
				en,
				Base,
			);
			mainGroup = A40000010000000000000001;
			packageReferences = (
				A80000010000000000000002 /* XCLocalSwiftPackageReference "SceneViewSwift" */,
			);
			productRefGroup = A40000010000000000000003 /* Products */;
			projectDirPath = "";
			projectRoot = "";
			targets = (
				A50000010000000000000001 /* SceneViewDemo */,
			);
		};
/* End PBXProject section */

/* Begin PBXResourcesBuildPhase section */
		A60000010000000000000002 /* Resources */ = {
			isa = PBXResourcesBuildPhase;
			buildActionMask = 2147483647;
			files = (
				A10000010000000000000002 /* Assets.xcassets in Resources */,
				D10000000000000000000001 /* game_boy_classic.usdz in Resources */,
				D10000000000000000000002 /* tree_scene.usdz in Resources */,
				D10000000000000000000003 /* red_car.usdz in Resources */,
				D10000000000000000000004 /* animated_dragon.usdz in Resources */,
				D10000000000000000000005 /* animated_butterfly.usdz in Resources */,
				D10000000000000000000006 /* retro_piano.usdz in Resources */,
				D10000000000000000000007 /* phoenix_bird.usdz in Resources */,
				D10000000000000000000008 /* cyberpunk_car.usdz in Resources */,
				D10000000000000000000009 /* fantasy_book.usdz in Resources */,
				D1000000000000000000000A /* mosquito_amber.usdz in Resources */,
				D1000000000000000000000B /* ship_in_clouds.usdz in Resources */,
				D1000000000000000000000C /* cyberpunk_hovercar.usdz in Resources */,
				D1000000000000000000000D /* cyberpunk_character.usdz in Resources */,
				D1000000000000000000000E /* porsche_911.usdz in Resources */,
				D1000000000000000000000F /* black_dragon.usdz in Resources */,
				D10000000000000000000010 /* fiat_punto.usdz in Resources */,
			);
			runOnlyForDeploymentPostprocessing = 0;
		};
/* End PBXResourcesBuildPhase section */

/* Begin PBXSourcesBuildPhase section */
		A60000010000000000000001 /* Sources */ = {
			isa = PBXSourcesBuildPhase;
			buildActionMask = 2147483647;
			files = (
				A10000010000000000000001 /* SceneViewDemoApp.swift in Sources */,
				C10000000000000000000001 /* HapticManager.swift in Sources */,
				C10000000000000000000002 /* DemoItem.swift in Sources */,
				C10000000000000000000003 /* ExploreTab.swift in Sources */,
				C10000000000000000000004 /* ARTab.swift in Sources */,
				C10000000000000000000005 /* SamplesTab.swift in Sources */,
				C10000000000000000000006 /* AboutTab.swift in Sources */,
				C10000000000000000000007 /* AllShapesDemo.swift in Sources */,
				C10000000000000000000008 /* MaterialsDemo.swift in Sources */,
				C10000000000000000000009 /* CustomMeshDemo.swift in Sources */,
				C10000000000000000000010 /* TextDemo.swift in Sources */,
				C10000000000000000000011 /* BillboardDemo.swift in Sources */,
				C10000000000000000000012 /* LinesPathsDemo.swift in Sources */,
				C10000000000000000000013 /* ImagePlaneDemo.swift in Sources */,
				C10000000000000000000014 /* LightTypesDemo.swift in Sources */,
				C10000000000000000000015 /* DynamicSkyDemo.swift in Sources */,
				C10000000000000000000016 /* FogDemo.swift in Sources */,
				C10000000000000000000017 /* PhysicsDemo.swift in Sources */,
				C10000000000000000000018 /* OrbitCameraDemo.swift in Sources */,
				C10000000000000000000019 /* AutoRotateDemo.swift in Sources */,
				C10000000000000000000020 /* SceneGalleryDemo.swift in Sources */,
			);
			runOnlyForDeploymentPostprocessing = 0;
		};
/* End PBXSourcesBuildPhase section */

/* Begin XCBuildConfiguration section */
		B10000010000000000000001 /* Debug */ = {
			isa = XCBuildConfiguration;
			buildSettings = {
				ALWAYS_SEARCH_USER_PATHS = NO;
				ASSETCATALOG_COMPILER_GENERATE_SWIFT_ASSET_SYMBOL_EXTENSIONS = YES;
				CLANG_ANALYZER_NONNULL = YES;
				CLANG_CXX_LANGUAGE_STANDARD = "gnu++20";
				CLANG_ENABLE_MODULES = YES;
				CLANG_ENABLE_OBJC_ARC = YES;
				CLANG_WARN_BLOCK_CAPTURE_AUTORELEASING = YES;
				CLANG_WARN_BOOL_CONVERSION = YES;
				CLANG_WARN_COMMA = YES;
				CLANG_WARN_CONSTANT_CONVERSION = YES;
				CLANG_WARN_DEPRECATED_OBJC_IMPLEMENTATIONS = YES;
				CLANG_WARN_DIRECT_OBJC_ISA_USAGE = YES_ERROR;
				CLANG_WARN_EMPTY_BODY = YES;
				CLANG_WARN_ENUM_CONVERSION = YES;
				CLANG_WARN_INFINITE_RECURSION = YES;
				CLANG_WARN_INT_CONVERSION = YES;
				CLANG_WARN_OBJC_IMPLICIT_RETAIN_SELF = YES;
				CLANG_WARN_OBJC_LITERAL_CONVERSION = YES;
				CLANG_WARN_OBJC_ROOT_CLASS = YES_ERROR;
				CLANG_WARN_QUOTED_INCLUDE_IN_FRAMEWORK_HEADER = YES;
				CLANG_WARN_RANGE_LOOP_ANALYSIS = YES;
				CLANG_WARN_STRICT_PROTOTYPES = YES;
				CLANG_WARN_SUSPICIOUS_MOVE = YES;
				CLANG_WARN_UNREACHABLE_CODE = YES;
				CLANG_WARN__DUPLICATE_METHOD_MATCH = YES;
				COPY_PHASE_STRIP = NO;
				DEBUG_INFORMATION_FORMAT = dwarf;
				ENABLE_STRICT_OBJC_MSGSEND = YES;
				ENABLE_TESTABILITY = YES;
				ENABLE_USER_SCRIPT_SANDBOXING = YES;
				GCC_C_LANGUAGE_STANDARD = gnu17;
				GCC_DYNAMIC_NO_PIC = NO;
				GCC_NO_COMMON_BLOCKS = YES;
				GCC_OPTIMIZATION_LEVEL = 0;
				GCC_PREPROCESSOR_DEFINITIONS = (
					"DEBUG=1",
					"$(inherited)",
				);
				GCC_WARN_64_TO_32_BIT_CONVERSION = YES;
				GCC_WARN_ABOUT_RETURN_TYPE = YES_ERROR;
				GCC_WARN_UNDECLARED_SELECTOR = YES;
				GCC_WARN_UNINITIALIZED_AUTOS = YES_AGGRESSIVE;
				GCC_WARN_UNUSED_FUNCTION = YES;
				GCC_WARN_UNUSED_VARIABLE = YES;
				IPHONEOS_DEPLOYMENT_TARGET = 18.0;
				MTL_ENABLE_DEBUG_INFO = INCLUDE_SOURCE;
				MTL_FAST_MATH = YES;
				ONLY_ACTIVE_ARCH = YES;
				SDKROOT = iphoneos;
				SWIFT_ACTIVE_COMPILATION_CONDITIONS = "$(inherited) DEBUG";
				SWIFT_OPTIMIZATION_LEVEL = "-Onone";
			};
			name = Debug;
		};
		B10000010000000000000002 /* Release */ = {
			isa = XCBuildConfiguration;
			buildSettings = {
				ALWAYS_SEARCH_USER_PATHS = NO;
				ASSETCATALOG_COMPILER_GENERATE_SWIFT_ASSET_SYMBOL_EXTENSIONS = YES;
				CLANG_ANALYZER_NONNULL = YES;
				CLANG_CXX_LANGUAGE_STANDARD = "gnu++20";
				CLANG_ENABLE_MODULES = YES;
				CLANG_ENABLE_OBJC_ARC = YES;
				CLANG_WARN_BLOCK_CAPTURE_AUTORELEASING = YES;
				CLANG_WARN_BOOL_CONVERSION = YES;
				CLANG_WARN_COMMA = YES;
				CLANG_WARN_CONSTANT_CONVERSION = YES;
				CLANG_WARN_DEPRECATED_OBJC_IMPLEMENTATIONS = YES;
				CLANG_WARN_DIRECT_OBJC_ISA_USAGE = YES_ERROR;
				CLANG_WARN_EMPTY_BODY = YES;
				CLANG_WARN_ENUM_CONVERSION = YES;
				CLANG_WARN_INFINITE_RECURSION = YES;
				CLANG_WARN_INT_CONVERSION = YES;
				CLANG_WARN_OBJC_IMPLICIT_RETAIN_SELF = YES;
				CLANG_WARN_OBJC_LITERAL_CONVERSION = YES;
				CLANG_WARN_OBJC_ROOT_CLASS = YES_ERROR;
				CLANG_WARN_QUOTED_INCLUDE_IN_FRAMEWORK_HEADER = YES;
				CLANG_WARN_RANGE_LOOP_ANALYSIS = YES;
				CLANG_WARN_STRICT_PROTOTYPES = YES;
				CLANG_WARN_SUSPICIOUS_MOVE = YES;
				CLANG_WARN_UNREACHABLE_CODE = YES;
				CLANG_WARN__DUPLICATE_METHOD_MATCH = YES;
				COPY_PHASE_STRIP = NO;
				DEBUG_INFORMATION_FORMAT = "dwarf-with-dsym";
				ENABLE_NS_ASSERTIONS = NO;
				ENABLE_STRICT_OBJC_MSGSEND = YES;
				ENABLE_USER_SCRIPT_SANDBOXING = YES;
				GCC_C_LANGUAGE_STANDARD = gnu17;
				GCC_NO_COMMON_BLOCKS = YES;
				GCC_WARN_64_TO_32_BIT_CONVERSION = YES;
				GCC_WARN_ABOUT_RETURN_TYPE = YES_ERROR;
				GCC_WARN_UNDECLARED_SELECTOR = YES;
				GCC_WARN_UNINITIALIZED_AUTOS = YES_AGGRESSIVE;
				GCC_WARN_UNUSED_FUNCTION = YES;
				GCC_WARN_UNUSED_VARIABLE = YES;
				IPHONEOS_DEPLOYMENT_TARGET = 18.0;
				MTL_FAST_MATH = YES;
				SDKROOT = iphoneos;
				SWIFT_COMPILATION_MODE = wholemodule;
				VALIDATE_PRODUCT = YES;
			};
			name = Release;
		};
		B10000010000000000000003 /* Debug */ = {
			isa = XCBuildConfiguration;
			buildSettings = {
				ASSETCATALOG_COMPILER_APPICON_NAME = AppIcon;
				ASSETCATALOG_COMPILER_GLOBAL_ACCENT_COLOR_NAME = AccentColor;
				CODE_SIGN_IDENTITY = "Apple Development";
				CODE_SIGN_STYLE = Automatic;
				CURRENT_PROJECT_VERSION = 348;
				DEVELOPMENT_TEAM = 5G3DZ3TH45;
				GENERATE_INFOPLIST_FILE = NO;
				INFOPLIST_FILE = SceneViewDemo/Info.plist;
				INFOPLIST_KEY_CFBundleDisplayName = SceneView;
				INFOPLIST_KEY_LSApplicationCategoryType = "public.app-category.developer-tools";
				IPHONEOS_DEPLOYMENT_TARGET = 18.0;
				LD_RUNPATH_SEARCH_PATHS = (
					"$(inherited)",
					"@executable_path/Frameworks",
				);
				MARKETING_VERSION = 3.4.7;
				PRODUCT_BUNDLE_IDENTIFIER = io.github.sceneview.demo;
				PRODUCT_NAME = "$(TARGET_NAME)";
				PROVISIONING_PROFILE_SPECIFIER = "";
				SUPPORTED_PLATFORMS = "iphoneos iphonesimulator";
				SUPPORTS_MACCATALYST = NO;
				SWIFT_EMIT_LOC_STRINGS = YES;
				SWIFT_VERSION = 5.10;
				TARGETED_DEVICE_FAMILY = "1,2";
			};
			name = Debug;
		};
		B10000010000000000000004 /* Release */ = {
			isa = XCBuildConfiguration;
			buildSettings = {
				ASSETCATALOG_COMPILER_APPICON_NAME = AppIcon;
				ASSETCATALOG_COMPILER_GLOBAL_ACCENT_COLOR_NAME = AccentColor;
				CODE_SIGN_IDENTITY = "Apple Distribution";
				CODE_SIGN_STYLE = Automatic;
				CURRENT_PROJECT_VERSION = 348;
				DEVELOPMENT_TEAM = 5G3DZ3TH45;
				GENERATE_INFOPLIST_FILE = NO;
				INFOPLIST_FILE = SceneViewDemo/Info.plist;
				INFOPLIST_KEY_CFBundleDisplayName = SceneView;
				INFOPLIST_KEY_LSApplicationCategoryType = "public.app-category.developer-tools";
				IPHONEOS_DEPLOYMENT_TARGET = 18.0;
				LD_RUNPATH_SEARCH_PATHS = (
					"$(inherited)",
					"@executable_path/Frameworks",
				);
				MARKETING_VERSION = 3.4.7;
				PRODUCT_BUNDLE_IDENTIFIER = io.github.sceneview.demo;
				PRODUCT_NAME = "$(TARGET_NAME)";
				PROVISIONING_PROFILE_SPECIFIER = "";
				SUPPORTED_PLATFORMS = "iphoneos iphonesimulator";
				SUPPORTS_MACCATALYST = NO;
				SWIFT_EMIT_LOC_STRINGS = YES;
				SWIFT_VERSION = 5.10;
				TARGETED_DEVICE_FAMILY = "1,2";
			};
			name = Release;
		};
/* End XCBuildConfiguration section */

/* Begin XCConfigurationList section */
		A70000010000000000000001 /* Build configuration list for PBXProject "SceneViewDemo" */ = {
			isa = XCConfigurationList;
			buildConfigurations = (
				B10000010000000000000001 /* Debug */,
				B10000010000000000000002 /* Release */,
			);
			defaultConfigurationIsVisible = 0;
			defaultConfigurationName = Release;
		};
		A70000010000000000000003 /* Build configuration list for PBXNativeTarget "SceneViewDemo" */ = {
			isa = XCConfigurationList;
			buildConfigurations = (
				B10000010000000000000003 /* Debug */,
				B10000010000000000000004 /* Release */,
			);
			defaultConfigurationIsVisible = 0;
			defaultConfigurationName = Release;
		};
/* End XCConfigurationList section */

/* Begin XCLocalSwiftPackageReference section */
		A80000010000000000000002 /* XCLocalSwiftPackageReference "SceneViewSwift" */ = {
			isa = XCLocalSwiftPackageReference;
			relativePath = ../../SceneViewSwift;
		};
/* End XCLocalSwiftPackageReference section */

/* Begin XCSwiftPackageProductDependency section */
		A80000010000000000000001 /* SceneViewSwift */ = {
			isa = XCSwiftPackageProductDependency;
			productName = SceneViewSwift;
		};
/* End XCSwiftPackageProductDependency section */

	};
	rootObject = A90000010000000000000001 /* Project object */;
}
