// !$*UTF8*$!
{
	archiveVersion = 1;
	classes = {
	};
	objectVersion = 56;
	objects = {

/* Begin PBXBuildFile section */
		A10001 /* SceneViewDemoApp.swift in Sources */ = {isa = PBXBuildFile; fileRef = A20001; };
		A10002 /* ContentView.swift in Sources */ = {isa = PBXBuildFile; fileRef = A20002; };
		A10003 /* ExploreView.swift in Sources */ = {isa = PBXBuildFile; fileRef = A20003; };
		A10004 /* ShapesView.swift in Sources */ = {isa = PBXBuildFile; fileRef = A20004; };
		A10005 /* ARDemoView.swift in Sources */ = {isa = PBXBuildFile; fileRef = A20005; };
		A10006 /* Assets.xcassets in Resources */ = {isa = PBXBuildFile; fileRef = A20006; };
		A10007 /* AboutView.swift in Sources */ = {isa = PBXBuildFile; fileRef = A20007; };
/* End PBXBuildFile section */

/* Begin PBXFileReference section */
		A20001 /* SceneViewDemoApp.swift */ = {isa = PBXFileReference; lastKnownFileType = sourcecode.swift; path = SceneViewDemoApp.swift; sourceTree = "<group>"; };
		A20002 /* ContentView.swift */ = {isa = PBXFileReference; lastKnownFileType = sourcecode.swift; path = ContentView.swift; sourceTree = "<group>"; };
		A20003 /* ExploreView.swift */ = {isa = PBXFileReference; lastKnownFileType = sourcecode.swift; path = ExploreView.swift; sourceTree = "<group>"; };
		A20004 /* ShapesView.swift */ = {isa = PBXFileReference; lastKnownFileType = sourcecode.swift; path = ShapesView.swift; sourceTree = "<group>"; };
		A20005 /* ARDemoView.swift */ = {isa = PBXFileReference; lastKnownFileType = sourcecode.swift; path = ARDemoView.swift; sourceTree = "<group>"; };
		A20006 /* Assets.xcassets */ = {isa = PBXFileReference; lastKnownFileType = folder.assetcatalog; path = Assets.xcassets; sourceTree = "<group>"; };
		A20007 /* AboutView.swift */ = {isa = PBXFileReference; lastKnownFileType = sourcecode.swift; path = AboutView.swift; sourceTree = "<group>"; };
		A30001 /* SceneViewDemo.app */ = {isa = PBXFileReference; explicitFileType = wrapper.application; includeInIndex = 0; path = SceneViewDemo.app; sourceTree = BUILT_PRODUCTS_DIR; };
		A30002 /* SceneViewSwift */ = {isa = PBXFileReference; lastKnownFileType = wrapper; name = SceneViewSwift; path = ../../; sourceTree = "<group>"; };
/* End PBXFileReference section */

/* Begin PBXFrameworksBuildPhase section */
		A40001 /* Frameworks */ = {
			isa = PBXFrameworksBuildPhase;
			buildActionMask = 2147483647;
			files = (
			);
			runOnlyForDeploymentPostprocessing = 0;
		};
/* End PBXFrameworksBuildPhase section */

/* Begin PBXGroup section */
		A50001 = {
			isa = PBXGroup;
			children = (
				A50003 /* SceneViewDemo */,
				A50004 /* Packages */,
				A50002 /* Products */,
			);
			sourceTree = "<group>";
		};
		A50002 /* Products */ = {
			isa = PBXGroup;
			children = (
				A30001 /* SceneViewDemo.app */,
			);
			name = Products;
			sourceTree = "<group>";
		};
		A50003 /* SceneViewDemo */ = {
			isa = PBXGroup;
			children = (
				A20001 /* SceneViewDemoApp.swift */,
				A20002 /* ContentView.swift */,
				A50005 /* Views */,
				A20006 /* Assets.xcassets */,
			);
			path = SceneViewDemo;
			sourceTree = "<group>";
		};
		A50004 /* Packages */ = {
			isa = PBXGroup;
			children = (
				A30002 /* SceneViewSwift */,
			);
			name = Packages;
			sourceTree = "<group>";
		};
		A50005 /* Views */ = {
			isa = PBXGroup;
			children = (
				A20003 /* ExploreView.swift */,
				A20004 /* ShapesView.swift */,
				A20005 /* ARDemoView.swift */,
				A20007 /* AboutView.swift */,
			);
			path = Views;
			sourceTree = "<group>";
		};
/* End PBXGroup section */

/* Begin PBXNativeTarget section */
		A60001 /* SceneViewDemo */ = {
			isa = PBXNativeTarget;
			buildConfigurationList = A80001;
			buildPhases = (
				A70001 /* Sources */,
				A40001 /* Frameworks */,
				A70002 /* Resources */,
			);
			buildRules = (
			);
			dependencies = (
			);
			name = SceneViewDemo;
			packageProductDependencies = (
				A90001,
			);
			productName = SceneViewDemo;
			productReference = A30001;
			productType = "com.apple.product-type.application";
		};
/* End PBXNativeTarget section */

/* Begin PBXProject section */
		A00001 /* Project object */ = {
			isa = PBXProject;
			attributes = {
				BuildIndependentTargetsInParallel = 1;
				LastSwiftUpdateCheck = 1600;
				LastUpgradeCheck = 1600;
				TargetAttributes = {
					A60001 = {
						CreatedOnToolsVersion = 16.0;
					};
				};
			};
			buildConfigurationList = A80003;
			compatibilityVersion = "Xcode 14.0";
			developmentRegion = en;
			hasScannedForEncodings = 0;
			knownRegions = (
				en,
				Base,
			);
			mainGroup = A50001;
			productRefGroup = A50002;
			projectDirPath = "";
			projectRoot = "";
			targets = (
				A60001 /* SceneViewDemo */,
			);
		};
/* End PBXProject section */

/* Begin PBXResourcesBuildPhase section */
		A70002 /* Resources */ = {
			isa = PBXResourcesBuildPhase;
			buildActionMask = 2147483647;
			files = (
				A10006 /* Assets.xcassets in Resources */,
			);
			runOnlyForDeploymentPostprocessing = 0;
		};
/* End PBXResourcesBuildPhase section */

/* Begin PBXSourcesBuildPhase section */
		A70001 /* Sources */ = {
			isa = PBXSourcesBuildPhase;
			buildActionMask = 2147483647;
			files = (
				A10001 /* SceneViewDemoApp.swift in Sources */,
				A10002 /* ContentView.swift in Sources */,
				A10003 /* ExploreView.swift in Sources */,
				A10004 /* ShapesView.swift in Sources */,
				A10005 /* ARDemoView.swift in Sources */,
				A10007 /* AboutView.swift in Sources */,
			);
			runOnlyForDeploymentPostprocessing = 0;
		};
/* End PBXSourcesBuildPhase section */

/* Begin XCBuildConfiguration section */
		A80002 /* Debug */ = {
			isa = XCBuildConfiguration;
			buildSettings = {
				ASSETCATALOG_COMPILER_APPICON_NAME = AppIcon;
				ASSETCATALOG_COMPILER_GLOBAL_ACCENT_COLOR_NAME = AccentColor;
				CODE_SIGN_STYLE = Automatic;
				CURRENT_PROJECT_VERSION = 1;
				DEVELOPMENT_TEAM = "";
				GENERATE_INFOPLIST_FILE = YES;
				INFOPLIST_KEY_CFBundleDisplayName = "SceneView Demo";
				INFOPLIST_KEY_NSCameraUsageDescription = "Camera access is needed for augmented reality features.";
				INFOPLIST_KEY_UIApplicationSceneManifest_Generation = YES;
				INFOPLIST_KEY_UIApplicationSupportsIndirectInputEvents = YES;
				INFOPLIST_KEY_UILaunchScreen_Generation = YES;
				INFOPLIST_KEY_UISupportedInterfaceOrientations_iPad = "UIInterfaceOrientationPortrait UIInterfaceOrientationPortraitUpsideDown UIInterfaceOrientationLandscapeLeft UIInterfaceOrientationLandscapeRight";
				INFOPLIST_KEY_UISupportedInterfaceOrientations_iPhone = "UIInterfaceOrientationPortrait UIInterfaceOrientationLandscapeLeft UIInterfaceOrientationLandscapeRight";
				IPHONEOS_DEPLOYMENT_TARGET = 18.0;
				LD_RUNPATH_SEARCH_PATHS = (
					"$(inherited)",
					"@executable_path/Frameworks",
				);
				MARKETING_VERSION = 1.0.0;
				PRODUCT_BUNDLE_IDENTIFIER = io.github.sceneview.demo.ios;
				PRODUCT_NAME = "$(TARGET_NAME)";
				SWIFT_EMIT_LOC_STRINGS = YES;
				SWIFT_VERSION = 5.0;
				TARGETED_DEVICE_FAMILY = "1,2";
			};
			name = Debug;
		};
		A80004 /* Release */ = {
			isa = XCBuildConfiguration;
			buildSettings = {
				ASSETCATALOG_COMPILER_APPICON_NAME = AppIcon;
				ASSETCATALOG_COMPILER_GLOBAL_ACCENT_COLOR_NAME = AccentColor;
				CODE_SIGN_STYLE = Automatic;
				CURRENT_PROJECT_VERSION = 1;
				DEVELOPMENT_TEAM = "";
				GENERATE_INFOPLIST_FILE = YES;
				INFOPLIST_KEY_CFBundleDisplayName = "SceneView Demo";
				INFOPLIST_KEY_NSCameraUsageDescription = "Camera access is needed for augmented reality features.";
				INFOPLIST_KEY_UIApplicationSceneManifest_Generation = YES;
				INFOPLIST_KEY_UIApplicationSupportsIndirectInputEvents = YES;
				INFOPLIST_KEY_UILaunchScreen_Generation = YES;
				INFOPLIST_KEY_UISupportedInterfaceOrientations_iPad = "UIInterfaceOrientationPortrait UIInterfaceOrientationPortraitUpsideDown UIInterfaceOrientationLandscapeLeft UIInterfaceOrientationLandscapeRight";
				INFOPLIST_KEY_UISupportedInterfaceOrientations_iPhone = "UIInterfaceOrientationPortrait UIInterfaceOrientationLandscapeLeft UIInterfaceOrientationLandscapeRight";
				IPHONEOS_DEPLOYMENT_TARGET = 18.0;
				LD_RUNPATH_SEARCH_PATHS = (
					"$(inherited)",
					"@executable_path/Frameworks",
				);
				MARKETING_VERSION = 1.0.0;
				PRODUCT_BUNDLE_IDENTIFIER = io.github.sceneview.demo.ios;
				PRODUCT_NAME = "$(TARGET_NAME)";
				SWIFT_EMIT_LOC_STRINGS = YES;
				SWIFT_VERSION = 5.0;
				TARGETED_DEVICE_FAMILY = "1,2";
			};
			name = Release;
		};
		A80005 /* Debug */ = {
			isa = XCBuildConfiguration;
			buildSettings = {
				ALWAYS_SEARCH_USER_PATHS = NO;
				CLANG_ANALYZER_NONNULL = YES;
				CLANG_CXX_LANGUAGE_STANDARD = "gnu++20";
				CLANG_ENABLE_MODULES = YES;
				CLANG_ENABLE_OBJC_ARC = YES;
				COPY_PHASE_STRIP = NO;
				DEBUG_INFORMATION_FORMAT = dwarf;
				ENABLE_STRICT_OBJC_MSGSEND = YES;
				ENABLE_TESTABILITY = YES;
				GCC_DYNAMIC_NO_PIC = NO;
				GCC_OPTIMIZATION_LEVEL = 0;
				GCC_PREPROCESSOR_DEFINITIONS = (
					"DEBUG=1",
					"$(inherited)",
				);
				GCC_WARN_ABOUT_RETURN_TYPE = YES_ERROR;
				GCC_WARN_UNINITIALIZED_AUTOS = YES_AGGRESSIVE;
				MTL_ENABLE_DEBUG_INFO = INCLUDE_SOURCE;
				MTL_FAST_MATH = YES;
				ONLY_ACTIVE_ARCH = YES;
				SDKROOT = iphoneos;
				SWIFT_ACTIVE_COMPILATION_CONDITIONS = "DEBUG $(inherited)";
				SWIFT_OPTIMIZATION_LEVEL = "-Onone";
			};
			name = Debug;
		};
		A80006 /* Release */ = {
			isa = XCBuildConfiguration;
			buildSettings = {
				ALWAYS_SEARCH_USER_PATHS = NO;
				CLANG_ANALYZER_NONNULL = YES;
				CLANG_CXX_LANGUAGE_STANDARD = "gnu++20";
				CLANG_ENABLE_MODULES = YES;
				CLANG_ENABLE_OBJC_ARC = YES;
				COPY_PHASE_STRIP = NO;
				DEBUG_INFORMATION_FORMAT = "dwarf-with-dsym";
				ENABLE_NS_ASSERTIONS = NO;
				ENABLE_STRICT_OBJC_MSGSEND = YES;
				GCC_WARN_ABOUT_RETURN_TYPE = YES_ERROR;
				GCC_WARN_UNINITIALIZED_AUTOS = YES_AGGRESSIVE;
				MTL_ENABLE_DEBUG_INFO = NO;
				MTL_FAST_MATH = YES;
				SDKROOT = iphoneos;
				SWIFT_COMPILATION_MODE = wholemodule;
				VALIDATE_PRODUCT = YES;
			};
			name = Release;
		};
/* End XCBuildConfiguration section */

/* Begin XCConfigurationList section */
		A80001 /* Build configuration list for PBXNativeTarget */ = {
			isa = XCConfigurationList;
			buildConfigurations = (
				A80002 /* Debug */,
				A80004 /* Release */,
			);
			defaultConfigurationIsVisible = 0;
			defaultConfigurationName = Release;
		};
		A80003 /* Build configuration list for PBXProject */ = {
			isa = XCConfigurationList;
			buildConfigurations = (
				A80005 /* Debug */,
				A80006 /* Release */,
			);
			defaultConfigurationIsVisible = 0;
			defaultConfigurationName = Release;
		};
/* End XCConfigurationList section */

/* Begin XCSwiftPackageProductDependency section */
		A90001 /* SceneViewSwift */ = {
			isa = XCSwiftPackageProductDependency;
			productName = SceneViewSwift;
		};
/* End XCSwiftPackageProductDependency section */

	};
	rootObject = A00001 /* Project object */;
}
